{
  "name": "@mediapipe/tasks-vision",
  "version": "0.10.22-rc.20250304",
  "lockfileVersion": 3,
  "requires": true,
  "packages": {
    "": {
      "name": "@mediapipe/tasks-vision",
      "version": "0.10.22-rc.20250304",
      "license": "Apache-2.0",
      "dependencies": {
        "@mediapipe/tasks-vision": "file:"
      }
    },
    "node_modules/@mediapipe/tasks-vision": {
      "resolved": "",
      "link": true
    }
  }
}
